<?xml version="1.0" encoding="utf-8"?>
<Project ToolsVersion="4.0" xmlns="http://schemas.microsoft.com/developer/msbuild/2003">
  <ItemGroup>
    <Filter Include="Source Files">
      <UniqueIdentifier>{4FC737F1-C7A5-4376-A066-2A32D752A2FF}</UniqueIdentifier>
      <Extensions>cpp;c;cxx;cc;s;asm</Extensions>
    </Filter>
    <Filter Include="Header Files">
      <UniqueIdentifier>{93995380-89BD-4b04-88EB-625FBE52EBFB}</UniqueIdentifier>
      <Extensions>h;hpp</Extensions>
    </Filter>
    <Filter Include="BasicShaders">
      <UniqueIdentifier>{a96aa64a-6653-4772-a60d-0eb794969802}</UniqueIdentifier>
    </Filter>
    <Filter Include="Audio Test">
      <UniqueIdentifier>{c93518e8-216a-487b-88d5-c2d5ab3b6d4b}</UniqueIdentifier>
    </Filter>
    <Filter Include="Textures">
      <UniqueIdentifier>{9f927643-97c4-473e-a4ed-a342215cfbf8}</UniqueIdentifier>
    </Filter>
  </ItemGroup>
  <ItemGroup>
    <ClCompile Include="main.cpp">
      <Filter>Source Files</Filter>
    </ClCompile>
    <ClCompile Include="Mesh.cpp">
      <Filter>Source Files</Filter>
    </ClCompile>
    <ClCompile Include="PS4RendererBase.cpp">
      <Filter>Source Files</Filter>
    </ClCompile>
    <ClCompile Include="ExampleRenderer.cpp">
      <Filter>Source Files</Filter>
    </ClCompile>
    <ClCompile Include="RendererBase.cpp">
      <Filter>Source Files</Filter>
    </ClCompile>
    <ClCompile Include="PS4Shader.cpp">
      <Filter>Source Files</Filter>
    </ClCompile>
    <ClCompile Include="PS4Mesh.cpp">
      <Filter>Source Files</Filter>
    </ClCompile>
    <ClCompile Include="PS4MemoryAware.cpp">
      <Filter>Source Files</Filter>
    </ClCompile>
    <ClCompile Include="PS4Frame.cpp">
      <Filter>Source Files</Filter>
    </ClCompile>
    <ClCompile Include="TextureBase.cpp">
      <Filter>Source Files</Filter>
    </ClCompile>
    <ClCompile Include="PS4Texture.cpp">
      <Filter>Source Files</Filter>
    </ClCompile>
    <ClCompile Include="PS4Input.cpp">
      <Filter>Source Files</Filter>
    </ClCompile>
    <ClCompile Include="PS4ComputeShader.cpp">
      <Filter>Source Files</Filter>
    </ClCompile>
    <ClCompile Include="InputBase.cpp">
      <Filter>Source Files</Filter>
    </ClCompile>
    <ClCompile Include="PS4AudioSystem.cpp">
      <Filter>Audio Test</Filter>
    </ClCompile>
    <ClCompile Include="PS4SoundEmitter.cpp">
      <Filter>Audio Test</Filter>
    </ClCompile>
    <ClCompile Include="ShaderBase.cpp">
      <Filter>Source Files</Filter>
    </ClCompile>
    <ClCompile Include="Ps4SoundSystem.cpp">
      <Filter>Source Files</Filter>
    </ClCompile>
    <ClCompile Include="Ps4AudioEmitter.cpp">
      <Filter>Source Files</Filter>
    </ClCompile>
    <ClCompile Include="PS4Sound.cpp">
      <Filter>Source Files</Filter>
    </ClCompile>
    <ClCompile Include="PS4AudioSource.cpp">
      <Filter>Source Files</Filter>
    </ClCompile>
    <ClCompile Include="RenderObject.cpp">
      <Filter>Source Files</Filter>
    </ClCompile>
    <ClCompile Include="PS4Renderer.cpp">
      <Filter>Source Files</Filter>
    </ClCompile>
    <ClCompile Include="PS4ShaderNew.cpp">
      <Filter>Source Files</Filter>
    </ClCompile>
    <ClCompile Include="nclPS4Interface.cpp">
      <Filter>Source Files</Filter>
    </ClCompile>
    <ClCompile Include="Matrix4.cpp">
      <Filter>Source Files</Filter>
    </ClCompile>
    <ClCompile Include="PS4TextureNew.cpp">
      <Filter>Source Files</Filter>
    </ClCompile>
    <ClCompile Include="PS4MeshNew.cpp">
      <Filter>Source Files</Filter>
    </ClCompile>
    <ClCompile Include="PS4RenderNode.cpp">
      <Filter>Source Files</Filter>
    </ClCompile>
    <ClCompile Include="PS4FrameBuffer.cpp">
      <Filter>Source Files</Filter>
    </ClCompile>
  </ItemGroup>
  <ItemGroup>
    <ClInclude Include="Mesh.h">
      <Filter>Header Files</Filter>
    </ClInclude>
    <ClInclude Include="PS4RendererBase.h">
      <Filter>Header Files</Filter>
    </ClInclude>
    <ClInclude Include="ExampleRenderer.h">
      <Filter>Header Files</Filter>
    </ClInclude>
    <ClInclude Include="RendererBase.h">
      <Filter>Header Files</Filter>
    </ClInclude>
    <ClInclude Include="PS4Shader.h">
      <Filter>Header Files</Filter>
    </ClInclude>
    <ClInclude Include="PS4Mesh.h">
      <Filter>Header Files</Filter>
    </ClInclude>
    <ClInclude Include="PS4MemoryAware.h">
      <Filter>Header Files</Filter>
    </ClInclude>
    <ClInclude Include="PS4Frame.h">
      <Filter>Header Files</Filter>
    </ClInclude>
    <ClInclude Include="TextureBase.h">
      <Filter>Header Files</Filter>
    </ClInclude>
    <ClInclude Include="PS4Texture.h">
      <Filter>Header Files</Filter>
    </ClInclude>
    <ClInclude Include="PS4Input.h">
      <Filter>Header Files</Filter>
    </ClInclude>
    <ClInclude Include="PS4ComputeShader.h">
      <Filter>Header Files</Filter>
    </ClInclude>
    <ClInclude Include="InputBase.h">
      <Filter>Header Files</Filter>
    </ClInclude>
    <ClInclude Include="PS4AudioSystem.h">
      <Filter>Audio Test</Filter>
    </ClInclude>
    <ClInclude Include="PS4SoundEmitter.h">
      <Filter>Audio Test</Filter>
    </ClInclude>
    <ClInclude Include="ShaderBase.h">
      <Filter>Header Files</Filter>
    </ClInclude>
    <ClInclude Include="Ps4SoundSystem.h">
      <Filter>Header Files</Filter>
    </ClInclude>
    <ClInclude Include="Ps4AudioEmitter.h">
      <Filter>Header Files</Filter>
    </ClInclude>
    <ClInclude Include="PS4Sound.h">
      <Filter>Header Files</Filter>
    </ClInclude>
    <ClInclude Include="PS4AudioSource.h">
      <Filter>Header Files</Filter>
    </ClInclude>
    <ClInclude Include="RenderObject.h">
      <Filter>Header Files</Filter>
    </ClInclude>
    <ClInclude Include="PS4Renderer.h">
      <Filter>Header Files</Filter>
    </ClInclude>
    <ClInclude Include="PS4ShaderNew.h">
      <Filter>Header Files</Filter>
    </ClInclude>
    <ClInclude Include="nclPS4Interface.h">
      <Filter>Header Files</Filter>
    </ClInclude>
    <ClInclude Include="Matrix4.h">
      <Filter>Header Files</Filter>
    </ClInclude>
    <ClInclude Include="Vector4.h">
      <Filter>Header Files</Filter>
    </ClInclude>
    <ClInclude Include="Vector3.h">
      <Filter>Header Files</Filter>
    </ClInclude>
    <ClInclude Include="Vector2.h">
      <Filter>Header Files</Filter>
    </ClInclude>
    <ClInclude Include="common.h">
      <Filter>Header Files</Filter>
    </ClInclude>
    <ClInclude Include="PS4TextureNew.h">
      <Filter>Header Files</Filter>
    </ClInclude>
    <ClInclude Include="PS4MeshNew.h">
      <Filter>Header Files</Filter>
    </ClInclude>
    <ClInclude Include="PS4RenderNode.h">
      <Filter>Header Files</Filter>
    </ClInclude>
    <ClInclude Include="PS4FrameBuffer.h">
      <Filter>Header Files</Filter>
    </ClInclude>
  </ItemGroup>
  <ItemGroup>
    <OrbisWavePsslc Include="VertexShader.pssl">
      <Filter>BasicShaders</Filter>
    </OrbisWavePsslc>
    <OrbisWavePsslc Include="PixelShader.pssl">
      <Filter>BasicShaders</Filter>
    </OrbisWavePsslc>
  </ItemGroup>
  <ItemGroup>
    <CustomBuild Include="doge.jpg">
      <Filter>Textures</Filter>
    </CustomBuild>
  </ItemGroup>
</Project>